
Microsoft Visual Studio Solution File, Format Version 12.00
# Visual Studio Version 17
VisualStudioVersion = 17.7.34018.315
MinimumVisualStudioVersion = 10.0.40219.1
Project("{FAE04EC0-301F-11D3-BF4B-00C04F79EFBC}") = "Mastermind", "Mastermind\Mastermind.csproj", "{6AFCF37B-EC7F-4D85-B60C-DEF104E7886B}"
EndProject
Global
	GlobalSection(SolutionConfigurationPlatforms) = preSolution
		Debug|Any CPU = Debug|Any CPU
		Release|Any CPU = Release|Any CPU
	EndGlobalSection
	GlobalSection(ProjectConfigurationPlatforms) = postSolution
		{6AFCF37B-EC7F-4D85-B60C-DEF104E7886B}.Debug|Any CPU.ActiveCfg = Debug|Any CPU
		{6AFCF37B-EC7F-4D85-B60C-DEF104E7886B}.Debug|Any CPU.Build.0 = Debug|Any CPU
		{6AFCF37B-EC7F-4D85-B60C-DEF104E7886B}.Release|Any CPU.ActiveCfg = Release|Any CPU
		{6AFCF37B-EC7F-4D85-B60C-DEF104E7886B}.Release|Any CPU.Build.0 = Release|Any CPU
	EndGlobalSection
	GlobalSection(SolutionProperties) = preSolution
		HideSolutionNode = FALSE
	EndGlobalSection
	GlobalSection(ExtensibilityGlobals) = postSolution
		SolutionGuid = {82D04F46-7664-498C-9E89-02C80658EC6B}
	EndGlobalSection
EndGlobal
